
Microsoft Visual Studio Solution File, Format Version 12.00
# Visual Studio Version 16
VisualStudioVersion = 16.0.31702.278
MinimumVisualStudioVersion = 10.0.40219.1
Project("{FAE04EC0-301F-11D3-BF4B-00C04F79EFBC}") = "Client", "Client.csproj", "{16EF3482-DDA3-48B6-95D4-DE6187BAB59E}"
EndProject
Global
	GlobalSection(SolutionConfigurationPlatforms) = preSolution
		Debug|Any CPU = Debug|Any CPU
		Release|Any CPU = Release|Any CPU
	EndGlobalSection
	GlobalSection(ProjectConfigurationPlatforms) = postSolution
		{16EF3482-DDA3-48B6-95D4-DE6187BAB59E}.Debug|Any CPU.ActiveCfg = Debug|Any CPU
		{16EF3482-DDA3-48B6-95D4-DE6187BAB59E}.Debug|Any CPU.Build.0 = Debug|Any CPU
		{16EF3482-DDA3-48B6-95D4-DE6187BAB59E}.Release|Any CPU.ActiveCfg = Release|Any CPU
		{16EF3482-DDA3-48B6-95D4-DE6187BAB59E}.Release|Any CPU.Build.0 = Release|Any CPU
	EndGlobalSection
	GlobalSection(SolutionProperties) = preSolution
		HideSolutionNode = FALSE
	EndGlobalSection
	GlobalSection(ExtensibilityGlobals) = postSolution
		SolutionGuid = {59CC3925-C0F2-43FF-9CA8-2E163A7918C9}
	EndGlobalSection
EndGlobal
