
Microsoft Visual Studio Solution File, Format Version 12.00
# Visual Studio Version 16
VisualStudioVersion = 16.0.31702.278
MinimumVisualStudioVersion = 10.0.40219.1
Project("{FAE04EC0-301F-11D3-BF4B-00C04F79EFBC}") = "Server", "Server.csproj", "{A9F77022-E3A1-4208-9699-CBDD89266206}"
EndProject
Global
	GlobalSection(SolutionConfigurationPlatforms) = preSolution
		Debug|Any CPU = Debug|Any CPU
		Release|Any CPU = Release|Any CPU
	EndGlobalSection
	GlobalSection(ProjectConfigurationPlatforms) = postSolution
		{A9F77022-E3A1-4208-9699-CBDD89266206}.Debug|Any CPU.ActiveCfg = Debug|Any CPU
		{A9F77022-E3A1-4208-9699-CBDD89266206}.Debug|Any CPU.Build.0 = Debug|Any CPU
		{A9F77022-E3A1-4208-9699-CBDD89266206}.Release|Any CPU.ActiveCfg = Release|Any CPU
		{A9F77022-E3A1-4208-9699-CBDD89266206}.Release|Any CPU.Build.0 = Release|Any CPU
	EndGlobalSection
	GlobalSection(SolutionProperties) = preSolution
		HideSolutionNode = FALSE
	EndGlobalSection
	GlobalSection(ExtensibilityGlobals) = postSolution
		SolutionGuid = {C6DCC22D-3BDC-40A5-B3E5-24E7069EFDF6}
	EndGlobalSection
EndGlobal
